# Generated by pub
# See https://dart.dev/tools/pub/glossary#lockfile
packages:
  lints:
    dependency: "direct dev"
    description:
      name: lints
      sha256: "3315600f3fb3b135be672bf4a178c55f274bebe368325ae18462c89ac1e3b413"
      url: "https://pub.dev"
    source: hosted
    version: "5.0.0"
sdks:
  dart: ">=3.5.0 <4.0.0"
